
Microsoft Visual Studio Solution File, Format Version 12.00
# Visual Studio 14
VisualStudioVersion = 14.0.25420.1
MinimumVisualStudioVersion = 10.0.40219.1
Project("{FAE04EC0-301F-11D3-BF4B-00C04F79EFBC}") = "Xfx.Controls", "src\Xfx.Controls\Xfx.Controls.csproj", "{7D05FB35-F383-48F1-BC5D-499B19F1FFF4}"
EndProject
Project("{FAE04EC0-301F-11D3-BF4B-00C04F79EFBC}") = "Xfx.Controls.Droid", "src\Xfx.Controls.Droid\Xfx.Controls.Droid.csproj", "{AE34D725-A613-46C6-B169-6FD3E31A1615}"
EndProject
Project("{FAE04EC0-301F-11D3-BF4B-00C04F79EFBC}") = "Xfx.Controls.iOS", "src\Xfx.Controls.iOS\Xfx.Controls.iOS.csproj", "{33FDB41C-6A13-4548-954D-7A366D4B874F}"
EndProject
Project("{2150E333-8FDC-42A3-9474-1A3956D46DE8}") = "Example", "Example", "{C487A1B3-B27D-4DDE-B2C8-FF3D786AFB98}"
EndProject
Project("{FAE04EC0-301F-11D3-BF4B-00C04F79EFBC}") = "Xfx.Controls.Example", "example\Xfx.Controls.Example\Xfx.Controls.Example.csproj", "{7D70FE1D-3DC8-477B-A0A9-5A6FFB598ECA}"
EndProject
Project("{FAE04EC0-301F-11D3-BF4B-00C04F79EFBC}") = "Xfx.Controls.Example.Droid", "example\Xfx.Controls.Example.Droid\Xfx.Controls.Example.Droid.csproj", "{899DFC4A-8823-402A-A5BE-562E8ACD81C6}"
EndProject
Project("{FAE04EC0-301F-11D3-BF4B-00C04F79EFBC}") = "Xfx.Controls.Example.iOS", "example\Xfx.Controls.Example.iOS\Xfx.Controls.Example.iOS.csproj", "{FA0CBFEC-8A9A-4BAE-BBFF-C99AA6D92FDF}"
EndProject
Project("{2150E333-8FDC-42A3-9474-1A3956D46DE8}") = "Sln", "Sln", "{435387BA-775F-45F1-9F00-030885761C1A}"
	ProjectSection(SolutionItems) = preProject
		.gitattributes = .gitattributes
		.gitignore = .gitignore
	EndProjectSection
EndProject
Project("{2150E333-8FDC-42A3-9474-1A3956D46DE8}") = ".Github", ".Github", "{32960BB1-CAD4-4EE3-B455-D89B93A486F3}"
	ProjectSection(SolutionItems) = preProject
		.github\ISSUE_TEMPLATE.md = .github\ISSUE_TEMPLATE.md
		.github\PULL_REQUEST_TEMPLATE.md = .github\PULL_REQUEST_TEMPLATE.md
	EndProjectSection
EndProject
Global
	GlobalSection(SolutionConfigurationPlatforms) = preSolution
		Ad-Hoc|Any CPU = Ad-Hoc|Any CPU
		Ad-Hoc|iPhone = Ad-Hoc|iPhone
		Ad-Hoc|iPhoneSimulator = Ad-Hoc|iPhoneSimulator
		AppStore|Any CPU = AppStore|Any CPU
		AppStore|iPhone = AppStore|iPhone
		AppStore|iPhoneSimulator = AppStore|iPhoneSimulator
		Debug|Any CPU = Debug|Any CPU
		Debug|iPhone = Debug|iPhone
		Debug|iPhoneSimulator = Debug|iPhoneSimulator
		Release|Any CPU = Release|Any CPU
		Release|iPhone = Release|iPhone
		Release|iPhoneSimulator = Release|iPhoneSimulator
	EndGlobalSection
	GlobalSection(ProjectConfigurationPlatforms) = postSolution
		{7D05FB35-F383-48F1-BC5D-499B19F1FFF4}.Ad-Hoc|Any CPU.ActiveCfg = Release|Any CPU
		{7D05FB35-F383-48F1-BC5D-499B19F1FFF4}.Ad-Hoc|Any CPU.Build.0 = Release|Any CPU
		{7D05FB35-F383-48F1-BC5D-499B19F1FFF4}.Ad-Hoc|iPhone.ActiveCfg = Release|Any CPU
		{7D05FB35-F383-48F1-BC5D-499B19F1FFF4}.Ad-Hoc|iPhone.Build.0 = Release|Any CPU
		{7D05FB35-F383-48F1-BC5D-499B19F1FFF4}.Ad-Hoc|iPhoneSimulator.ActiveCfg = Release|Any CPU
		{7D05FB35-F383-48F1-BC5D-499B19F1FFF4}.Ad-Hoc|iPhoneSimulator.Build.0 = Release|Any CPU
		{7D05FB35-F383-48F1-BC5D-499B19F1FFF4}.AppStore|Any CPU.ActiveCfg = Release|Any CPU
		{7D05FB35-F383-48F1-BC5D-499B19F1FFF4}.AppStore|Any CPU.Build.0 = Release|Any CPU
		{7D05FB35-F383-48F1-BC5D-499B19F1FFF4}.AppStore|iPhone.ActiveCfg = Release|Any CPU
		{7D05FB35-F383-48F1-BC5D-499B19F1FFF4}.AppStore|iPhone.Build.0 = Release|Any CPU
		{7D05FB35-F383-48F1-BC5D-499B19F1FFF4}.AppStore|iPhoneSimulator.ActiveCfg = Release|Any CPU
		{7D05FB35-F383-48F1-BC5D-499B19F1FFF4}.AppStore|iPhoneSimulator.Build.0 = Release|Any CPU
		{7D05FB35-F383-48F1-BC5D-499B19F1FFF4}.Debug|Any CPU.ActiveCfg = Debug|Any CPU
		{7D05FB35-F383-48F1-BC5D-499B19F1FFF4}.Debug|Any CPU.Build.0 = Debug|Any CPU
		{7D05FB35-F383-48F1-BC5D-499B19F1FFF4}.Debug|iPhone.ActiveCfg = Debug|Any CPU
		{7D05FB35-F383-48F1-BC5D-499B19F1FFF4}.Debug|iPhone.Build.0 = Debug|Any CPU
		{7D05FB35-F383-48F1-BC5D-499B19F1FFF4}.Debug|iPhoneSimulator.ActiveCfg = Debug|Any CPU
		{7D05FB35-F383-48F1-BC5D-499B19F1FFF4}.Debug|iPhoneSimulator.Build.0 = Debug|Any CPU
		{7D05FB35-F383-48F1-BC5D-499B19F1FFF4}.Release|Any CPU.ActiveCfg = Release|Any CPU
		{7D05FB35-F383-48F1-BC5D-499B19F1FFF4}.Release|Any CPU.Build.0 = Release|Any CPU
		{7D05FB35-F383-48F1-BC5D-499B19F1FFF4}.Release|iPhone.ActiveCfg = Release|Any CPU
		{7D05FB35-F383-48F1-BC5D-499B19F1FFF4}.Release|iPhone.Build.0 = Release|Any CPU
		{7D05FB35-F383-48F1-BC5D-499B19F1FFF4}.Release|iPhoneSimulator.ActiveCfg = Release|Any CPU
		{7D05FB35-F383-48F1-BC5D-499B19F1FFF4}.Release|iPhoneSimulator.Build.0 = Release|Any CPU
		{AE34D725-A613-46C6-B169-6FD3E31A1615}.Ad-Hoc|Any CPU.ActiveCfg = Release|Any CPU
		{AE34D725-A613-46C6-B169-6FD3E31A1615}.Ad-Hoc|Any CPU.Build.0 = Release|Any CPU
		{AE34D725-A613-46C6-B169-6FD3E31A1615}.Ad-Hoc|Any CPU.Deploy.0 = Release|Any CPU
		{AE34D725-A613-46C6-B169-6FD3E31A1615}.Ad-Hoc|iPhone.ActiveCfg = Release|Any CPU
		{AE34D725-A613-46C6-B169-6FD3E31A1615}.Ad-Hoc|iPhone.Build.0 = Release|Any CPU
		{AE34D725-A613-46C6-B169-6FD3E31A1615}.Ad-Hoc|iPhone.Deploy.0 = Release|Any CPU
		{AE34D725-A613-46C6-B169-6FD3E31A1615}.Ad-Hoc|iPhoneSimulator.ActiveCfg = Release|Any CPU
		{AE34D725-A613-46C6-B169-6FD3E31A1615}.Ad-Hoc|iPhoneSimulator.Build.0 = Release|Any CPU
		{AE34D725-A613-46C6-B169-6FD3E31A1615}.Ad-Hoc|iPhoneSimulator.Deploy.0 = Release|Any CPU
		{AE34D725-A613-46C6-B169-6FD3E31A1615}.AppStore|Any CPU.ActiveCfg = Release|Any CPU
		{AE34D725-A613-46C6-B169-6FD3E31A1615}.AppStore|Any CPU.Build.0 = Release|Any CPU
		{AE34D725-A613-46C6-B169-6FD3E31A1615}.AppStore|Any CPU.Deploy.0 = Release|Any CPU
		{AE34D725-A613-46C6-B169-6FD3E31A1615}.AppStore|iPhone.ActiveCfg = Release|Any CPU
		{AE34D725-A613-46C6-B169-6FD3E31A1615}.AppStore|iPhone.Build.0 = Release|Any CPU
		{AE34D725-A613-46C6-B169-6FD3E31A1615}.AppStore|iPhone.Deploy.0 = Release|Any CPU
		{AE34D725-A613-46C6-B169-6FD3E31A1615}.AppStore|iPhoneSimulator.ActiveCfg = Release|Any CPU
		{AE34D725-A613-46C6-B169-6FD3E31A1615}.AppStore|iPhoneSimulator.Build.0 = Release|Any CPU
		{AE34D725-A613-46C6-B169-6FD3E31A1615}.AppStore|iPhoneSimulator.Deploy.0 = Release|Any CPU
		{AE34D725-A613-46C6-B169-6FD3E31A1615}.Debug|Any CPU.ActiveCfg = Debug|Any CPU
		{AE34D725-A613-46C6-B169-6FD3E31A1615}.Debug|Any CPU.Build.0 = Debug|Any CPU
		{AE34D725-A613-46C6-B169-6FD3E31A1615}.Debug|Any CPU.Deploy.0 = Debug|Any CPU
		{AE34D725-A613-46C6-B169-6FD3E31A1615}.Debug|iPhone.ActiveCfg = Debug|Any CPU
		{AE34D725-A613-46C6-B169-6FD3E31A1615}.Debug|iPhone.Deploy.0 = Debug|Any CPU
		{AE34D725-A613-46C6-B169-6FD3E31A1615}.Debug|iPhoneSimulator.ActiveCfg = Debug|Any CPU
		{AE34D725-A613-46C6-B169-6FD3E31A1615}.Debug|iPhoneSimulator.Deploy.0 = Debug|Any CPU
		{AE34D725-A613-46C6-B169-6FD3E31A1615}.Release|Any CPU.ActiveCfg = Release|Any CPU
		{AE34D725-A613-46C6-B169-6FD3E31A1615}.Release|Any CPU.Build.0 = Release|Any CPU
		{AE34D725-A613-46C6-B169-6FD3E31A1615}.Release|Any CPU.Deploy.0 = Release|Any CPU
		{AE34D725-A613-46C6-B169-6FD3E31A1615}.Release|iPhone.ActiveCfg = Release|Any CPU
		{AE34D725-A613-46C6-B169-6FD3E31A1615}.Release|iPhone.Build.0 = Release|Any CPU
		{AE34D725-A613-46C6-B169-6FD3E31A1615}.Release|iPhone.Deploy.0 = Release|Any CPU
		{AE34D725-A613-46C6-B169-6FD3E31A1615}.Release|iPhoneSimulator.ActiveCfg = Release|Any CPU
		{AE34D725-A613-46C6-B169-6FD3E31A1615}.Release|iPhoneSimulator.Build.0 = Release|Any CPU
		{AE34D725-A613-46C6-B169-6FD3E31A1615}.Release|iPhoneSimulator.Deploy.0 = Release|Any CPU
		{33FDB41C-6A13-4548-954D-7A366D4B874F}.Ad-Hoc|Any CPU.ActiveCfg = Ad-Hoc|iPhone
		{33FDB41C-6A13-4548-954D-7A366D4B874F}.Ad-Hoc|iPhone.ActiveCfg = Ad-Hoc|iPhone
		{33FDB41C-6A13-4548-954D-7A366D4B874F}.Ad-Hoc|iPhone.Build.0 = Ad-Hoc|iPhone
		{33FDB41C-6A13-4548-954D-7A366D4B874F}.Ad-Hoc|iPhoneSimulator.ActiveCfg = Ad-Hoc|iPhoneSimulator
		{33FDB41C-6A13-4548-954D-7A366D4B874F}.Ad-Hoc|iPhoneSimulator.Build.0 = Ad-Hoc|iPhoneSimulator
		{33FDB41C-6A13-4548-954D-7A366D4B874F}.AppStore|Any CPU.ActiveCfg = AppStore|iPhone
		{33FDB41C-6A13-4548-954D-7A366D4B874F}.AppStore|iPhone.ActiveCfg = AppStore|iPhone
		{33FDB41C-6A13-4548-954D-7A366D4B874F}.AppStore|iPhone.Build.0 = AppStore|iPhone
		{33FDB41C-6A13-4548-954D-7A366D4B874F}.AppStore|iPhoneSimulator.ActiveCfg = AppStore|iPhoneSimulator
		{33FDB41C-6A13-4548-954D-7A366D4B874F}.AppStore|iPhoneSimulator.Build.0 = AppStore|iPhoneSimulator
		{33FDB41C-6A13-4548-954D-7A366D4B874F}.Debug|Any CPU.ActiveCfg = Debug|iPhone
		{33FDB41C-6A13-4548-954D-7A366D4B874F}.Debug|iPhone.ActiveCfg = Debug|iPhone
		{33FDB41C-6A13-4548-954D-7A366D4B874F}.Debug|iPhone.Build.0 = Debug|iPhone
		{33FDB41C-6A13-4548-954D-7A366D4B874F}.Debug|iPhoneSimulator.ActiveCfg = Debug|iPhoneSimulator
		{33FDB41C-6A13-4548-954D-7A366D4B874F}.Debug|iPhoneSimulator.Build.0 = Debug|iPhoneSimulator
		{33FDB41C-6A13-4548-954D-7A366D4B874F}.Release|Any CPU.ActiveCfg = Release|iPhone
		{33FDB41C-6A13-4548-954D-7A366D4B874F}.Release|iPhone.ActiveCfg = Release|iPhone
		{33FDB41C-6A13-4548-954D-7A366D4B874F}.Release|iPhone.Build.0 = Release|iPhone
		{33FDB41C-6A13-4548-954D-7A366D4B874F}.Release|iPhoneSimulator.ActiveCfg = Release|iPhoneSimulator
		{33FDB41C-6A13-4548-954D-7A366D4B874F}.Release|iPhoneSimulator.Build.0 = Release|iPhoneSimulator
		{7D70FE1D-3DC8-477B-A0A9-5A6FFB598ECA}.Ad-Hoc|Any CPU.ActiveCfg = Release|Any CPU
		{7D70FE1D-3DC8-477B-A0A9-5A6FFB598ECA}.Ad-Hoc|Any CPU.Build.0 = Release|Any CPU
		{7D70FE1D-3DC8-477B-A0A9-5A6FFB598ECA}.Ad-Hoc|iPhone.ActiveCfg = Release|Any CPU
		{7D70FE1D-3DC8-477B-A0A9-5A6FFB598ECA}.Ad-Hoc|iPhone.Build.0 = Release|Any CPU
		{7D70FE1D-3DC8-477B-A0A9-5A6FFB598ECA}.Ad-Hoc|iPhoneSimulator.ActiveCfg = Release|Any CPU
		{7D70FE1D-3DC8-477B-A0A9-5A6FFB598ECA}.Ad-Hoc|iPhoneSimulator.Build.0 = Release|Any CPU
		{7D70FE1D-3DC8-477B-A0A9-5A6FFB598ECA}.AppStore|Any CPU.ActiveCfg = Release|Any CPU
		{7D70FE1D-3DC8-477B-A0A9-5A6FFB598ECA}.AppStore|Any CPU.Build.0 = Release|Any CPU
		{7D70FE1D-3DC8-477B-A0A9-5A6FFB598ECA}.AppStore|iPhone.ActiveCfg = Release|Any CPU
		{7D70FE1D-3DC8-477B-A0A9-5A6FFB598ECA}.AppStore|iPhone.Build.0 = Release|Any CPU
		{7D70FE1D-3DC8-477B-A0A9-5A6FFB598ECA}.AppStore|iPhoneSimulator.ActiveCfg = Release|Any CPU
		{7D70FE1D-3DC8-477B-A0A9-5A6FFB598ECA}.AppStore|iPhoneSimulator.Build.0 = Release|Any CPU
		{7D70FE1D-3DC8-477B-A0A9-5A6FFB598ECA}.Debug|Any CPU.ActiveCfg = Debug|Any CPU
		{7D70FE1D-3DC8-477B-A0A9-5A6FFB598ECA}.Debug|Any CPU.Build.0 = Debug|Any CPU
		{7D70FE1D-3DC8-477B-A0A9-5A6FFB598ECA}.Debug|iPhone.ActiveCfg = Debug|Any CPU
		{7D70FE1D-3DC8-477B-A0A9-5A6FFB598ECA}.Debug|iPhone.Build.0 = Debug|Any CPU
		{7D70FE1D-3DC8-477B-A0A9-5A6FFB598ECA}.Debug|iPhoneSimulator.ActiveCfg = Debug|Any CPU
		{7D70FE1D-3DC8-477B-A0A9-5A6FFB598ECA}.Debug|iPhoneSimulator.Build.0 = Debug|Any CPU
		{7D70FE1D-3DC8-477B-A0A9-5A6FFB598ECA}.Release|Any CPU.ActiveCfg = Release|Any CPU
		{7D70FE1D-3DC8-477B-A0A9-5A6FFB598ECA}.Release|Any CPU.Build.0 = Release|Any CPU
		{7D70FE1D-3DC8-477B-A0A9-5A6FFB598ECA}.Release|iPhone.ActiveCfg = Release|Any CPU
		{7D70FE1D-3DC8-477B-A0A9-5A6FFB598ECA}.Release|iPhone.Build.0 = Release|Any CPU
		{7D70FE1D-3DC8-477B-A0A9-5A6FFB598ECA}.Release|iPhoneSimulator.ActiveCfg = Release|Any CPU
		{7D70FE1D-3DC8-477B-A0A9-5A6FFB598ECA}.Release|iPhoneSimulator.Build.0 = Release|Any CPU
		{899DFC4A-8823-402A-A5BE-562E8ACD81C6}.Ad-Hoc|Any CPU.ActiveCfg = Release|Any CPU
		{899DFC4A-8823-402A-A5BE-562E8ACD81C6}.Ad-Hoc|Any CPU.Build.0 = Release|Any CPU
		{899DFC4A-8823-402A-A5BE-562E8ACD81C6}.Ad-Hoc|Any CPU.Deploy.0 = Release|Any CPU
		{899DFC4A-8823-402A-A5BE-562E8ACD81C6}.Ad-Hoc|iPhone.ActiveCfg = Release|Any CPU
		{899DFC4A-8823-402A-A5BE-562E8ACD81C6}.Ad-Hoc|iPhone.Build.0 = Release|Any CPU
		{899DFC4A-8823-402A-A5BE-562E8ACD81C6}.Ad-Hoc|iPhone.Deploy.0 = Release|Any CPU
		{899DFC4A-8823-402A-A5BE-562E8ACD81C6}.Ad-Hoc|iPhoneSimulator.ActiveCfg = Release|Any CPU
		{899DFC4A-8823-402A-A5BE-562E8ACD81C6}.Ad-Hoc|iPhoneSimulator.Build.0 = Release|Any CPU
		{899DFC4A-8823-402A-A5BE-562E8ACD81C6}.Ad-Hoc|iPhoneSimulator.Deploy.0 = Release|Any CPU
		{899DFC4A-8823-402A-A5BE-562E8ACD81C6}.AppStore|Any CPU.ActiveCfg = Release|Any CPU
		{899DFC4A-8823-402A-A5BE-562E8ACD81C6}.AppStore|Any CPU.Build.0 = Release|Any CPU
		{899DFC4A-8823-402A-A5BE-562E8ACD81C6}.AppStore|Any CPU.Deploy.0 = Release|Any CPU
		{899DFC4A-8823-402A-A5BE-562E8ACD81C6}.AppStore|iPhone.ActiveCfg = Release|Any CPU
		{899DFC4A-8823-402A-A5BE-562E8ACD81C6}.AppStore|iPhone.Build.0 = Release|Any CPU
		{899DFC4A-8823-402A-A5BE-562E8ACD81C6}.AppStore|iPhone.Deploy.0 = Release|Any CPU
		{899DFC4A-8823-402A-A5BE-562E8ACD81C6}.AppStore|iPhoneSimulator.ActiveCfg = Release|Any CPU
		{899DFC4A-8823-402A-A5BE-562E8ACD81C6}.AppStore|iPhoneSimulator.Build.0 = Release|Any CPU
		{899DFC4A-8823-402A-A5BE-562E8ACD81C6}.AppStore|iPhoneSimulator.Deploy.0 = Release|Any CPU
		{899DFC4A-8823-402A-A5BE-562E8ACD81C6}.Debug|Any CPU.ActiveCfg = Debug|Any CPU
		{899DFC4A-8823-402A-A5BE-562E8ACD81C6}.Debug|Any CPU.Build.0 = Debug|Any CPU
		{899DFC4A-8823-402A-A5BE-562E8ACD81C6}.Debug|Any CPU.Deploy.0 = Debug|Any CPU
		{899DFC4A-8823-402A-A5BE-562E8ACD81C6}.Debug|iPhone.ActiveCfg = Debug|Any CPU
		{899DFC4A-8823-402A-A5BE-562E8ACD81C6}.Debug|iPhoneSimulator.ActiveCfg = Debug|Any CPU
		{899DFC4A-8823-402A-A5BE-562E8ACD81C6}.Release|Any CPU.ActiveCfg = Release|Any CPU
		{899DFC4A-8823-402A-A5BE-562E8ACD81C6}.Release|Any CPU.Build.0 = Release|Any CPU
		{899DFC4A-8823-402A-A5BE-562E8ACD81C6}.Release|Any CPU.Deploy.0 = Release|Any CPU
		{899DFC4A-8823-402A-A5BE-562E8ACD81C6}.Release|iPhone.ActiveCfg = Release|Any CPU
		{899DFC4A-8823-402A-A5BE-562E8ACD81C6}.Release|iPhone.Build.0 = Release|Any CPU
		{899DFC4A-8823-402A-A5BE-562E8ACD81C6}.Release|iPhone.Deploy.0 = Release|Any CPU
		{899DFC4A-8823-402A-A5BE-562E8ACD81C6}.Release|iPhoneSimulator.ActiveCfg = Release|Any CPU
		{899DFC4A-8823-402A-A5BE-562E8ACD81C6}.Release|iPhoneSimulator.Build.0 = Release|Any CPU
		{899DFC4A-8823-402A-A5BE-562E8ACD81C6}.Release|iPhoneSimulator.Deploy.0 = Release|Any CPU
		{FA0CBFEC-8A9A-4BAE-BBFF-C99AA6D92FDF}.Ad-Hoc|Any CPU.ActiveCfg = Ad-Hoc|iPhone
		{FA0CBFEC-8A9A-4BAE-BBFF-C99AA6D92FDF}.Ad-Hoc|iPhone.ActiveCfg = Ad-Hoc|iPhone
		{FA0CBFEC-8A9A-4BAE-BBFF-C99AA6D92FDF}.Ad-Hoc|iPhone.Build.0 = Ad-Hoc|iPhone
		{FA0CBFEC-8A9A-4BAE-BBFF-C99AA6D92FDF}.Ad-Hoc|iPhoneSimulator.ActiveCfg = Ad-Hoc|iPhoneSimulator
		{FA0CBFEC-8A9A-4BAE-BBFF-C99AA6D92FDF}.Ad-Hoc|iPhoneSimulator.Build.0 = Ad-Hoc|iPhoneSimulator
		{FA0CBFEC-8A9A-4BAE-BBFF-C99AA6D92FDF}.AppStore|Any CPU.ActiveCfg = AppStore|iPhone
		{FA0CBFEC-8A9A-4BAE-BBFF-C99AA6D92FDF}.AppStore|iPhone.ActiveCfg = AppStore|iPhone
		{FA0CBFEC-8A9A-4BAE-BBFF-C99AA6D92FDF}.AppStore|iPhone.Build.0 = AppStore|iPhone
		{FA0CBFEC-8A9A-4BAE-BBFF-C99AA6D92FDF}.AppStore|iPhoneSimulator.ActiveCfg = AppStore|iPhoneSimulator
		{FA0CBFEC-8A9A-4BAE-BBFF-C99AA6D92FDF}.AppStore|iPhoneSimulator.Build.0 = AppStore|iPhoneSimulator
		{FA0CBFEC-8A9A-4BAE-BBFF-C99AA6D92FDF}.Debug|Any CPU.ActiveCfg = Debug|iPhone
		{FA0CBFEC-8A9A-4BAE-BBFF-C99AA6D92FDF}.Debug|iPhone.ActiveCfg = Debug|iPhone
		{FA0CBFEC-8A9A-4BAE-BBFF-C99AA6D92FDF}.Debug|iPhone.Build.0 = Debug|iPhone
		{FA0CBFEC-8A9A-4BAE-BBFF-C99AA6D92FDF}.Debug|iPhoneSimulator.ActiveCfg = Debug|iPhoneSimulator
		{FA0CBFEC-8A9A-4BAE-BBFF-C99AA6D92FDF}.Debug|iPhoneSimulator.Build.0 = Debug|iPhoneSimulator
		{FA0CBFEC-8A9A-4BAE-BBFF-C99AA6D92FDF}.Release|Any CPU.ActiveCfg = Release|iPhone
		{FA0CBFEC-8A9A-4BAE-BBFF-C99AA6D92FDF}.Release|iPhone.ActiveCfg = Release|iPhone
		{FA0CBFEC-8A9A-4BAE-BBFF-C99AA6D92FDF}.Release|iPhone.Build.0 = Release|iPhone
		{FA0CBFEC-8A9A-4BAE-BBFF-C99AA6D92FDF}.Release|iPhoneSimulator.ActiveCfg = Release|iPhoneSimulator
		{FA0CBFEC-8A9A-4BAE-BBFF-C99AA6D92FDF}.Release|iPhoneSimulator.Build.0 = Release|iPhoneSimulator
	EndGlobalSection
	GlobalSection(SolutionProperties) = preSolution
		HideSolutionNode = FALSE
	EndGlobalSection
	GlobalSection(NestedProjects) = preSolution
		{7D70FE1D-3DC8-477B-A0A9-5A6FFB598ECA} = {C487A1B3-B27D-4DDE-B2C8-FF3D786AFB98}
		{899DFC4A-8823-402A-A5BE-562E8ACD81C6} = {C487A1B3-B27D-4DDE-B2C8-FF3D786AFB98}
		{FA0CBFEC-8A9A-4BAE-BBFF-C99AA6D92FDF} = {C487A1B3-B27D-4DDE-B2C8-FF3D786AFB98}
		{32960BB1-CAD4-4EE3-B455-D89B93A486F3} = {435387BA-775F-45F1-9F00-030885761C1A}
	EndGlobalSection
EndGlobal
